
Microsoft Visual Studio Solution File, Format Version 12.00
# Visual Studio Version 16
VisualStudioVersion = 16.0.29613.14
MinimumVisualStudioVersion = 10.0.40219.1
Project("{FAE04EC0-301F-11D3-BF4B-00C04F79EFBC}") = "byb", "byb.csproj", "{3F58F7E0-051F-460D-B0D4-64D1EA931F9C}"
EndProject
Project("{FAE04EC0-301F-11D3-BF4B-00C04F79EFBC}") = "bybTests", "..\bybTests\bybTests.csproj", "{BA94CEBC-1928-4A15-BA7C-AA052710BB37}"
EndProject
Global
	GlobalSection(SolutionConfigurationPlatforms) = preSolution
		Debug|Any CPU = Debug|Any CPU
		Release|Any CPU = Release|Any CPU
	EndGlobalSection
	GlobalSection(ProjectConfigurationPlatforms) = postSolution
		{3F58F7E0-051F-460D-B0D4-64D1EA931F9C}.Debug|Any CPU.ActiveCfg = Debug|Any CPU
		{3F58F7E0-051F-460D-B0D4-64D1EA931F9C}.Debug|Any CPU.Build.0 = Debug|Any CPU
		{3F58F7E0-051F-460D-B0D4-64D1EA931F9C}.Release|Any CPU.ActiveCfg = Release|Any CPU
		{3F58F7E0-051F-460D-B0D4-64D1EA931F9C}.Release|Any CPU.Build.0 = Release|Any CPU
		{BA94CEBC-1928-4A15-BA7C-AA052710BB37}.Debug|Any CPU.ActiveCfg = Debug|Any CPU
		{BA94CEBC-1928-4A15-BA7C-AA052710BB37}.Debug|Any CPU.Build.0 = Debug|Any CPU
		{BA94CEBC-1928-4A15-BA7C-AA052710BB37}.Release|Any CPU.ActiveCfg = Release|Any CPU
		{BA94CEBC-1928-4A15-BA7C-AA052710BB37}.Release|Any CPU.Build.0 = Release|Any CPU
	EndGlobalSection
	GlobalSection(SolutionProperties) = preSolution
		HideSolutionNode = FALSE
	EndGlobalSection
	GlobalSection(ExtensibilityGlobals) = postSolution
		SolutionGuid = {CAA3BB37-7628-46B7-A4A6-4E069E383A51}
	EndGlobalSection
EndGlobal
